
Microsoft Visual Studio Solution File, Format Version 12.00
# Visual Studio Version 17
VisualStudioVersion = 17.4.33205.214
MinimumVisualStudioVersion = 10.0.40219.1
Project("{9A19103F-16F7-4668-BE54-9A1E7A4F7556}") = "web-app", "web-app\web-app.csproj", "{CA395246-8013-4CF4-B660-65542EF39D23}"
EndProject
Project("{9A19103F-16F7-4668-BE54-9A1E7A4F7556}") = "web-server", "web-server\web-server.csproj", "{81EF4B88-D5ED-4839-8C68-0D54BCE800D8}"
EndProject
Project("{FAE04EC0-301F-11D3-BF4B-00C04F79EFBC}") = "web_server.Tests", "web_server.Tests\web_server.Tests.csproj", "{0EE63730-C69D-4B39-BF88-075FE2791EC2}"
EndProject
Global
	GlobalSection(SolutionConfigurationPlatforms) = preSolution
		Debug|Any CPU = Debug|Any CPU
		Release|Any CPU = Release|Any CPU
	EndGlobalSection
	GlobalSection(ProjectConfigurationPlatforms) = postSolution
		{CA395246-8013-4CF4-B660-65542EF39D23}.Debug|Any CPU.ActiveCfg = Debug|Any CPU
		{CA395246-8013-4CF4-B660-65542EF39D23}.Debug|Any CPU.Build.0 = Debug|Any CPU
		{CA395246-8013-4CF4-B660-65542EF39D23}.Release|Any CPU.ActiveCfg = Release|Any CPU
		{CA395246-8013-4CF4-B660-65542EF39D23}.Release|Any CPU.Build.0 = Release|Any CPU
		{81EF4B88-D5ED-4839-8C68-0D54BCE800D8}.Debug|Any CPU.ActiveCfg = Debug|Any CPU
		{81EF4B88-D5ED-4839-8C68-0D54BCE800D8}.Debug|Any CPU.Build.0 = Debug|Any CPU
		{81EF4B88-D5ED-4839-8C68-0D54BCE800D8}.Release|Any CPU.ActiveCfg = Release|Any CPU
		{81EF4B88-D5ED-4839-8C68-0D54BCE800D8}.Release|Any CPU.Build.0 = Release|Any CPU
		{0EE63730-C69D-4B39-BF88-075FE2791EC2}.Debug|Any CPU.ActiveCfg = Debug|Any CPU
		{0EE63730-C69D-4B39-BF88-075FE2791EC2}.Debug|Any CPU.Build.0 = Debug|Any CPU
		{0EE63730-C69D-4B39-BF88-075FE2791EC2}.Release|Any CPU.ActiveCfg = Release|Any CPU
		{0EE63730-C69D-4B39-BF88-075FE2791EC2}.Release|Any CPU.Build.0 = Release|Any CPU
	EndGlobalSection
	GlobalSection(SolutionProperties) = preSolution
		HideSolutionNode = FALSE
	EndGlobalSection
	GlobalSection(ExtensibilityGlobals) = postSolution
		SolutionGuid = {FFC083C5-ACAF-4B10-B8C5-07392062A0A7}
	EndGlobalSection
EndGlobal
